
Microsoft Visual Studio Solution File, Format Version 12.00
# Visual Studio Version 17
VisualStudioVersion = 17.7.34202.233
MinimumVisualStudioVersion = 10.0.40219.1
Project("{9A19103F-16F7-4668-BE54-9A1E7A4F7556}") = "Basic Programs", "Basic Programs\Basic Programs.csproj", "{6FDEA9D1-D81A-4037-AD9F-3B725AB20EAC}"
EndProject
Project("{9A19103F-16F7-4668-BE54-9A1E7A4F7556}") = "Assignments", "Assignments\Assignments.csproj", "{A11118B8-0154-4093-A126-DFE61CF3DD24}"
EndProject
Project("{9A19103F-16F7-4668-BE54-9A1E7A4F7556}") = "CaseStudy", "CaseStudy\CaseStudy.csproj", "{C0AC9C9D-346C-46DF-B78A-535FA4BFF4DF}"
EndProject
Project("{FAE04EC0-301F-11D3-BF4B-00C04F79EFBC}") = "CaseStudy_E-Commerce", "CaseStudy_E-Commerce\CaseStudy_E-Commerce.csproj", "{2CA8DA1B-D239-4A11-80D2-A5E6A8127AE5}"
EndProject
Global
	GlobalSection(SolutionConfigurationPlatforms) = preSolution
		Debug|Any CPU = Debug|Any CPU
		Release|Any CPU = Release|Any CPU
	EndGlobalSection
	GlobalSection(ProjectConfigurationPlatforms) = postSolution
		{6FDEA9D1-D81A-4037-AD9F-3B725AB20EAC}.Debug|Any CPU.ActiveCfg = Debug|Any CPU
		{6FDEA9D1-D81A-4037-AD9F-3B725AB20EAC}.Debug|Any CPU.Build.0 = Debug|Any CPU
		{6FDEA9D1-D81A-4037-AD9F-3B725AB20EAC}.Release|Any CPU.ActiveCfg = Release|Any CPU
		{6FDEA9D1-D81A-4037-AD9F-3B725AB20EAC}.Release|Any CPU.Build.0 = Release|Any CPU
		{A11118B8-0154-4093-A126-DFE61CF3DD24}.Debug|Any CPU.ActiveCfg = Debug|Any CPU
		{A11118B8-0154-4093-A126-DFE61CF3DD24}.Debug|Any CPU.Build.0 = Debug|Any CPU
		{A11118B8-0154-4093-A126-DFE61CF3DD24}.Release|Any CPU.ActiveCfg = Release|Any CPU
		{A11118B8-0154-4093-A126-DFE61CF3DD24}.Release|Any CPU.Build.0 = Release|Any CPU
		{C0AC9C9D-346C-46DF-B78A-535FA4BFF4DF}.Debug|Any CPU.ActiveCfg = Debug|Any CPU
		{C0AC9C9D-346C-46DF-B78A-535FA4BFF4DF}.Debug|Any CPU.Build.0 = Debug|Any CPU
		{C0AC9C9D-346C-46DF-B78A-535FA4BFF4DF}.Release|Any CPU.ActiveCfg = Release|Any CPU
		{C0AC9C9D-346C-46DF-B78A-535FA4BFF4DF}.Release|Any CPU.Build.0 = Release|Any CPU
		{2CA8DA1B-D239-4A11-80D2-A5E6A8127AE5}.Debug|Any CPU.ActiveCfg = Debug|Any CPU
		{2CA8DA1B-D239-4A11-80D2-A5E6A8127AE5}.Debug|Any CPU.Build.0 = Debug|Any CPU
		{2CA8DA1B-D239-4A11-80D2-A5E6A8127AE5}.Release|Any CPU.ActiveCfg = Release|Any CPU
		{2CA8DA1B-D239-4A11-80D2-A5E6A8127AE5}.Release|Any CPU.Build.0 = Release|Any CPU
	EndGlobalSection
	GlobalSection(SolutionProperties) = preSolution
		HideSolutionNode = FALSE
	EndGlobalSection
	GlobalSection(ExtensibilityGlobals) = postSolution
		SolutionGuid = {1C7CB014-515A-4D4E-AFFD-D72E5275EE87}
	EndGlobalSection
EndGlobal
